
Microsoft Visual Studio Solution File, Format Version 12.00
Project("{FAE04EC0-301F-11D3-BF4B-00C04F79EFBC}") = "ML.ImagesClassification", "ML.ImagesClassification\ML.ImagesClassification.csproj", "{229B8EB8-5BD3-4B40-80B1-B70CF76E8471}"
EndProject
Global
	GlobalSection(SolutionConfigurationPlatforms) = preSolution
		Debug|Any CPU = Debug|Any CPU
		Release|Any CPU = Release|Any CPU
	EndGlobalSection
	GlobalSection(ProjectConfigurationPlatforms) = postSolution
		{229B8EB8-5BD3-4B40-80B1-B70CF76E8471}.Debug|Any CPU.ActiveCfg = Debug|Any CPU
		{229B8EB8-5BD3-4B40-80B1-B70CF76E8471}.Debug|Any CPU.Build.0 = Debug|Any CPU
		{229B8EB8-5BD3-4B40-80B1-B70CF76E8471}.Release|Any CPU.ActiveCfg = Release|Any CPU
		{229B8EB8-5BD3-4B40-80B1-B70CF76E8471}.Release|Any CPU.Build.0 = Release|Any CPU
	EndGlobalSection
EndGlobal
